
Microsoft Visual Studio Solution File, Format Version 11.00
# Visual Studio 2010
Project("{FAE04EC0-301F-11D3-BF4B-00C04F79EFBC}") = "RiftAuthenticator", "RiftAuthenticator.WPF\RiftAuthenticator.csproj", "{C0156421-FA95-4631-82C1-85AA7CC65B5E}"
EndProject
Project("{FAE04EC0-301F-11D3-BF4B-00C04F79EFBC}") = "RiftAuthenticator.Library", "RiftAuthenticator.Library\RiftAuthenticator.Library.csproj", "{E31E2621-6D52-49A9-B7D4-AC75862518D8}"
EndProject
Project("{FAE04EC0-301F-11D3-BF4B-00C04F79EFBC}") = "RiftAuthenticator.WinForms", "RiftAuthenticator.WinForms\RiftAuthenticator.WinForms.csproj", "{AC8AE1B0-4423-4FAA-9410-8808FA2E6BE4}"
EndProject
Project("{FAE04EC0-301F-11D3-BF4B-00C04F79EFBC}") = "RiftAuthenticator.CommandLine", "RiftAuthenticator.CommandLine\RiftAuthenticator.CommandLine.csproj", "{D601A1A4-91E2-4870-88C4-2778AC674532}"
EndProject
Global
	GlobalSection(SolutionConfigurationPlatforms) = preSolution
		Debug|Any CPU = Debug|Any CPU
		Debug|x86 = Debug|x86
		Release|Any CPU = Release|Any CPU
		Release|x86 = Release|x86
	EndGlobalSection
	GlobalSection(ProjectConfigurationPlatforms) = postSolution
		{C0156421-FA95-4631-82C1-85AA7CC65B5E}.Debug|Any CPU.ActiveCfg = Debug|Any CPU
		{C0156421-FA95-4631-82C1-85AA7CC65B5E}.Debug|Any CPU.Build.0 = Debug|Any CPU
		{C0156421-FA95-4631-82C1-85AA7CC65B5E}.Debug|x86.ActiveCfg = Debug|x86
		{C0156421-FA95-4631-82C1-85AA7CC65B5E}.Debug|x86.Build.0 = Debug|x86
		{C0156421-FA95-4631-82C1-85AA7CC65B5E}.Release|Any CPU.ActiveCfg = Release|Any CPU
		{C0156421-FA95-4631-82C1-85AA7CC65B5E}.Release|Any CPU.Build.0 = Release|Any CPU
		{C0156421-FA95-4631-82C1-85AA7CC65B5E}.Release|x86.ActiveCfg = Release|x86
		{C0156421-FA95-4631-82C1-85AA7CC65B5E}.Release|x86.Build.0 = Release|x86
		{E31E2621-6D52-49A9-B7D4-AC75862518D8}.Debug|Any CPU.ActiveCfg = Debug|Any CPU
		{E31E2621-6D52-49A9-B7D4-AC75862518D8}.Debug|Any CPU.Build.0 = Debug|Any CPU
		{E31E2621-6D52-49A9-B7D4-AC75862518D8}.Debug|x86.ActiveCfg = Debug|Any CPU
		{E31E2621-6D52-49A9-B7D4-AC75862518D8}.Debug|x86.Build.0 = Debug|Any CPU
		{E31E2621-6D52-49A9-B7D4-AC75862518D8}.Release|Any CPU.ActiveCfg = Release|Any CPU
		{E31E2621-6D52-49A9-B7D4-AC75862518D8}.Release|Any CPU.Build.0 = Release|Any CPU
		{E31E2621-6D52-49A9-B7D4-AC75862518D8}.Release|x86.ActiveCfg = Release|Any CPU
		{AC8AE1B0-4423-4FAA-9410-8808FA2E6BE4}.Debug|Any CPU.ActiveCfg = Debug|Any CPU
		{AC8AE1B0-4423-4FAA-9410-8808FA2E6BE4}.Debug|Any CPU.Build.0 = Debug|Any CPU
		{AC8AE1B0-4423-4FAA-9410-8808FA2E6BE4}.Debug|x86.ActiveCfg = Debug|x86
		{AC8AE1B0-4423-4FAA-9410-8808FA2E6BE4}.Debug|x86.Build.0 = Debug|x86
		{AC8AE1B0-4423-4FAA-9410-8808FA2E6BE4}.Release|Any CPU.ActiveCfg = Release|Any CPU
		{AC8AE1B0-4423-4FAA-9410-8808FA2E6BE4}.Release|Any CPU.Build.0 = Release|Any CPU
		{AC8AE1B0-4423-4FAA-9410-8808FA2E6BE4}.Release|x86.ActiveCfg = Release|x86
		{AC8AE1B0-4423-4FAA-9410-8808FA2E6BE4}.Release|x86.Build.0 = Release|x86
		{D601A1A4-91E2-4870-88C4-2778AC674532}.Debug|Any CPU.ActiveCfg = Debug|Any CPU
		{D601A1A4-91E2-4870-88C4-2778AC674532}.Debug|Any CPU.Build.0 = Debug|Any CPU
		{D601A1A4-91E2-4870-88C4-2778AC674532}.Debug|x86.ActiveCfg = Debug|x86
		{D601A1A4-91E2-4870-88C4-2778AC674532}.Debug|x86.Build.0 = Debug|x86
		{D601A1A4-91E2-4870-88C4-2778AC674532}.Release|Any CPU.ActiveCfg = Release|Any CPU
		{D601A1A4-91E2-4870-88C4-2778AC674532}.Release|Any CPU.Build.0 = Release|Any CPU
		{D601A1A4-91E2-4870-88C4-2778AC674532}.Release|x86.ActiveCfg = Release|x86
		{D601A1A4-91E2-4870-88C4-2778AC674532}.Release|x86.Build.0 = Release|x86
	EndGlobalSection
	GlobalSection(SolutionProperties) = preSolution
		HideSolutionNode = FALSE
	EndGlobalSection
EndGlobal
